<Solution>
  <Project Path="SolarTracker.Api/SolarTracker.Api.csproj" />
  <Project Path="SolarTracker.Application/SolarTracker.Application.csproj" />
  <Project Path="SolarTracker.Domain/SolarTracker.Domain.csproj" />
  <Project Path="SolarTracker.Infrastructure/SolarTracker.Infrastructure.csproj" />
  <Project Path="SolarTracker.IoC/SolarTracker.IoC.csproj" />
  <Project Path="SolarTracker.Tests/SolarTracker.Tests.csproj" />
</Solution>
